
Microsoft Visual Studio Solution File, Format Version 12.00
# Visual Studio Version 17
VisualStudioVersion = 17.9.34622.214
MinimumVisualStudioVersion = 10.0.40219.1
Project("{FAE04EC0-301F-11D3-BF4B-00C04F79EFBC}") = "BookStoreApp.API", "BookStoreApp.API\BookStoreApp.API.csproj", "{799BB5C7-ADF0-4FFC-AF5C-C8936EF7C314}"
EndProject
Global
	GlobalSection(SolutionConfigurationPlatforms) = preSolution
		Debug|Any CPU = Debug|Any CPU
		Release|Any CPU = Release|Any CPU
	EndGlobalSection
	GlobalSection(ProjectConfigurationPlatforms) = postSolution
		{799BB5C7-ADF0-4FFC-AF5C-C8936EF7C314}.Debug|Any CPU.ActiveCfg = Debug|Any CPU
		{799BB5C7-ADF0-4FFC-AF5C-C8936EF7C314}.Debug|Any CPU.Build.0 = Debug|Any CPU
		{799BB5C7-ADF0-4FFC-AF5C-C8936EF7C314}.Release|Any CPU.ActiveCfg = Release|Any CPU
		{799BB5C7-ADF0-4FFC-AF5C-C8936EF7C314}.Release|Any CPU.Build.0 = Release|Any CPU
	EndGlobalSection
	GlobalSection(SolutionProperties) = preSolution
		HideSolutionNode = FALSE
	EndGlobalSection
	GlobalSection(ExtensibilityGlobals) = postSolution
		SolutionGuid = {32563BD7-9AD8-483C-AFB3-0340E4F42DAF}
	EndGlobalSection
EndGlobal
